
Microsoft Visual Studio Solution File, Format Version 12.00
Project("{FAE04EC0-301F-11D3-BF4B-00C04F79EFBC}") = "MyShop", "MyShop\MyShop.csproj", "{80374392-5C63-41A1-B09B-9C8D10BB2E03}"
EndProject
Global
	GlobalSection(SolutionConfigurationPlatforms) = preSolution
		Debug|Any CPU = Debug|Any CPU
		Release|Any CPU = Release|Any CPU
	EndGlobalSection
	GlobalSection(ProjectConfigurationPlatforms) = postSolution
		{80374392-5C63-41A1-B09B-9C8D10BB2E03}.Debug|Any CPU.ActiveCfg = Debug|Any CPU
		{80374392-5C63-41A1-B09B-9C8D10BB2E03}.Debug|Any CPU.Build.0 = Debug|Any CPU
		{80374392-5C63-41A1-B09B-9C8D10BB2E03}.Release|Any CPU.ActiveCfg = Release|Any CPU
		{80374392-5C63-41A1-B09B-9C8D10BB2E03}.Release|Any CPU.Build.0 = Release|Any CPU
	EndGlobalSection
EndGlobal
